// !$*UTF8*$!
{
	archiveVersion = 1;
	classes = {
	};
	objectVersion = 46;
	objects = {

/* Begin PBXBuildFile section */
		26F7B8241E31AA7C00623D96 /* standardlib.m in Sources */ = {isa = PBXBuildFile; fileRef = 26F7B8231E31AA7C00623D96 /* standardlib.m */; };
		26F7B8251E31AA7C00623D96 /* standardlib.h in CopyFiles */ = {isa = PBXBuildFile; fileRef = 26F7B8221E31AA7C00623D96 /* standardlib.h */; };
/* End PBXBuildFile section */

/* Begin PBXCopyFilesBuildPhase section */
		26F7B81D1E31AA7C00623D96 /* CopyFiles */ = {
			isa = PBXCopyFilesBuildPhase;
			buildActionMask = 2147483647;
			dstPath = "include/$(PRODUCT_NAME)";
			dstSubfolderSpec = 16;
			files = (
				26F7B8251E31AA7C00623D96 /* standardlib.h in CopyFiles */,
			);
			runOnlyForDeploymentPostprocessing = 0;
		};
/* End PBXCopyFilesBuildPhase section */

/* Begin PBXFileReference section */
		26F7B81F1E31AA7C00623D96 /* libstandardlib.a */ = {isa = PBXFileReference; explicitFileType = archive.ar; includeInIndex = 0; path = libstandardlib.a; sourceTree = BUILT_PRODUCTS_DIR; };
		26F7B8221E31AA7C00623D96 /* standardlib.h */ = {isa = PBXFileReference; lastKnownFileType = sourcecode.c.h; path = standardlib.h; sourceTree = "<group>"; };
		26F7B8231E31AA7C00623D96 /* standardlib.m */ = {isa = PBXFileReference; lastKnownFileType = sourcecode.c.objc; path = standardlib.m; sourceTree = "<group>"; };
/* End PBXFileReference section */

/* Begin PBXFrameworksBuildPhase section */
		26F7B81C1E31AA7C00623D96 /* Frameworks */ = {
			isa = PBXFrameworksBuildPhase;
			buildActionMask = 2147483647;
			files = (
			);
			runOnlyForDeploymentPostprocessing = 0;
		};
/* End PBXFrameworksBuildPhase section */

/* Begin PBXGroup section */
		26F7B8161E31AA7C00623D96 = {
			isa = PBXGroup;
			children = (
				26F7B8211E31AA7C00623D96 /* standardlib */,
				26F7B8201E31AA7C00623D96 /* Products */,
			);
			sourceTree = "<group>";
		};
		26F7B8201E31AA7C00623D96 /* Products */ = {
			isa = PBXGroup;
			children = (
				26F7B81F1E31AA7C00623D96 /* libstandardlib.a */,
			);
			name = Products;
			sourceTree = "<group>";
		};
		26F7B8211E31AA7C00623D96 /* standardlib */ = {
			isa = PBXGroup;
			children = (
				26F7B8221E31AA7C00623D96 /* standardlib.h */,
				26F7B8231E31AA7C00623D96 /* standardlib.m */,
			);
			path = standardlib;
			sourceTree = "<group>";
		};
/* End PBXGroup section */

/* Begin PBXNativeTarget section */
		26F7B81E1E31AA7C00623D96 /* standardlib */ = {
			isa = PBXNativeTarget;
			buildConfigurationList = 26F7B8281E31AA7C00623D96 /* Build configuration list for PBXNativeTarget "standardlib" */;
			buildPhases = (
				26F7B81B1E31AA7C00623D96 /* Sources */,
				26F7B81C1E31AA7C00623D96 /* Frameworks */,
				26F7B81D1E31AA7C00623D96 /* CopyFiles */,
			);
			buildRules = (
			);
			dependencies = (
			);
			name = standardlib;
			productName = standardlib;
			productReference = 26F7B81F1E31AA7C00623D96 /* libstandardlib.a */;
			productType = "com.apple.product-type.library.static";
		};
/* End PBXNativeTarget section */

/* Begin PBXProject section */
		26F7B8171E31AA7C00623D96 /* Project object */ = {
			isa = PBXProject;
			attributes = {
				LastUpgradeCheck = 0810;
				ORGANIZATIONNAME = "Jingui Wang";
				TargetAttributes = {
					26F7B81E1E31AA7C00623D96 = {
						CreatedOnToolsVersion = 8.1;
						DevelopmentTeam = UBF8T346G9;
						ProvisioningStyle = Automatic;
					};
				};
			};
			buildConfigurationList = 26F7B81A1E31AA7C00623D96 /* Build configuration list for PBXProject "standardlib" */;
			compatibilityVersion = "Xcode 3.2";
			developmentRegion = English;
			hasScannedForEncodings = 0;
			knownRegions = (
				en,
			);
			mainGroup = 26F7B8161E31AA7C00623D96;
			productRefGroup = 26F7B8201E31AA7C00623D96 /* Products */;
			projectDirPath = "";
			projectRoot = "";
			targets = (
				26F7B81E1E31AA7C00623D96 /* standardlib */,
			);
		};
/* End PBXProject section */

/* Begin PBXSourcesBuildPhase section */
		26F7B81B1E31AA7C00623D96 /* Sources */ = {
			isa = PBXSourcesBuildPhase;
			buildActionMask = 2147483647;
			files = (
				26F7B8241E31AA7C00623D96 /* standardlib.m in Sources */,
			);
			runOnlyForDeploymentPostprocessing = 0;
		};
/* End PBXSourcesBuildPhase section */

/* Begin XCBuildConfiguration section */
		26F7B8261E31AA7C00623D96 /* Debug */ = {
			isa = XCBuildConfiguration;
			buildSettings = {
				ALWAYS_SEARCH_USER_PATHS = NO;
				CLANG_ANALYZER_NONNULL = YES;
				CLANG_CXX_LANGUAGE_STANDARD = "gnu++0x";
				CLANG_CXX_LIBRARY = "libc++";
				CLANG_ENABLE_MODULES = YES;
				CLANG_ENABLE_OBJC_ARC = YES;
				CLANG_WARN_BOOL_CONVERSION = YES;
				CLANG_WARN_CONSTANT_CONVERSION = YES;
				CLANG_WARN_DIRECT_OBJC_ISA_USAGE = YES_ERROR;
				CLANG_WARN_DOCUMENTATION_COMMENTS = YES;
				CLANG_WARN_EMPTY_BODY = YES;
				CLANG_WARN_ENUM_CONVERSION = YES;
				CLANG_WARN_INFINITE_RECURSION = YES;
				CLANG_WARN_INT_CONVERSION = YES;
				CLANG_WARN_OBJC_ROOT_CLASS = YES_ERROR;
				CLANG_WARN_SUSPICIOUS_MOVES = YES;
				CLANG_WARN_UNREACHABLE_CODE = YES;
				CLANG_WARN__DUPLICATE_METHOD_MATCH = YES;
				"CODE_SIGN_IDENTITY[sdk=iphoneos*]" = "iPhone Developer";
				COPY_PHASE_STRIP = NO;
				DEBUG_INFORMATION_FORMAT = dwarf;
				ENABLE_STRICT_OBJC_MSGSEND = YES;
				ENABLE_TESTABILITY = YES;
				GCC_C_LANGUAGE_STANDARD = gnu99;
				GCC_DYNAMIC_NO_PIC = NO;
				GCC_NO_COMMON_BLOCKS = YES;
				GCC_OPTIMIZATION_LEVEL = 0;
				GCC_PREPROCESSOR_DEFINITIONS = (
					"DEBUG=1",
					"$(inherited)",
				);
				GCC_WARN_64_TO_32_BIT_CONVERSION = YES;
				GCC_WARN_ABOUT_RETURN_TYPE = YES_ERROR;
				GCC_WARN_UNDECLARED_SELECTOR = YES;
				GCC_WARN_UNINITIALIZED_AUTOS = YES_AGGRESSIVE;
				GCC_WARN_UNUSED_FUNCTION = YES;
				GCC_WARN_UNUSED_VARIABLE = YES;
				IPHONEOS_DEPLOYMENT_TARGET = 10.1;
				MTL_ENABLE_DEBUG_INFO = YES;
				ONLY_ACTIVE_ARCH = YES;
				SDKROOT = iphoneos;
			};
			name = Debug;
		};
		26F7B8271E31AA7C00623D96 /* Release */ = {
			isa = XCBuildConfiguration;
			buildSettings = {
				ALWAYS_SEARCH_USER_PATHS = NO;
				CLANG_ANALYZER_NONNULL = YES;
				CLANG_CXX_LANGUAGE_STANDARD = "gnu++0x";
				CLANG_CXX_LIBRARY = "libc++";
				CLANG_ENABLE_MODULES = YES;
				CLANG_ENABLE_OBJC_ARC = YES;
				CLANG_WARN_BOOL_CONVERSION = YES;
				CLANG_WARN_CONSTANT_CONVERSION = YES;
				CLANG_WARN_DIRECT_OBJC_ISA_USAGE = YES_ERROR;
				CLANG_WARN_DOCUMENTATION_COMMENTS = YES;
				CLANG_WARN_EMPTY_BODY = YES;
				CLANG_WARN_ENUM_CONVERSION = YES;
				CLANG_WARN_INFINITE_RECURSION = YES;
				CLANG_WARN_INT_CONVERSION = YES;
				CLANG_WARN_OBJC_ROOT_CLASS = YES_ERROR;
				CLANG_WARN_SUSPICIOUS_MOVES = YES;
				CLANG_WARN_UNREACHABLE_CODE = YES;
				CLANG_WARN__DUPLICATE_METHOD_MATCH = YES;
				"CODE_SIGN_IDENTITY[sdk=iphoneos*]" = "iPhone Developer";
				COPY_PHASE_STRIP = NO;
				DEBUG_INFORMATION_FORMAT = "dwarf-with-dsym";
				ENABLE_NS_ASSERTIONS = NO;
				ENABLE_STRICT_OBJC_MSGSEND = YES;
				GCC_C_LANGUAGE_STANDARD = gnu99;
				GCC_NO_COMMON_BLOCKS = YES;
				GCC_WARN_64_TO_32_BIT_CONVERSION = YES;
				GCC_WARN_ABOUT_RETURN_TYPE = YES_ERROR;
				GCC_WARN_UNDECLARED_SELECTOR = YES;
				GCC_WARN_UNINITIALIZED_AUTOS = YES_AGGRESSIVE;
				GCC_WARN_UNUSED_FUNCTION = YES;
				GCC_WARN_UNUSED_VARIABLE = YES;
				IPHONEOS_DEPLOYMENT_TARGET = 10.1;
				MTL_ENABLE_DEBUG_INFO = NO;
				SDKROOT = iphoneos;
				VALIDATE_PRODUCT = YES;
			};
			name = Release;
		};
		26F7B8291E31AA7C00623D96 /* Debug */ = {
			isa = XCBuildConfiguration;
			buildSettings = {
				DEVELOPMENT_TEAM = UBF8T346G9;
				OTHER_LDFLAGS = "-ObjC";
				PRODUCT_NAME = "$(TARGET_NAME)";
				SKIP_INSTALL = YES;
			};
			name = Debug;
		};
		26F7B82A1E31AA7C00623D96 /* Release */ = {
			isa = XCBuildConfiguration;
			buildSettings = {
				DEVELOPMENT_TEAM = UBF8T346G9;
				OTHER_LDFLAGS = "-ObjC";
				PRODUCT_NAME = "$(TARGET_NAME)";
				SKIP_INSTALL = YES;
			};
			name = Release;
		};
/* End XCBuildConfiguration section */

/* Begin XCConfigurationList section */
		26F7B81A1E31AA7C00623D96 /* Build configuration list for PBXProject "standardlib" */ = {
			isa = XCConfigurationList;
			buildConfigurations = (
				26F7B8261E31AA7C00623D96 /* Debug */,
				26F7B8271E31AA7C00623D96 /* Release */,
			);
			defaultConfigurationIsVisible = 0;
			defaultConfigurationName = Release;
		};
		26F7B8281E31AA7C00623D96 /* Build configuration list for PBXNativeTarget "standardlib" */ = {
			isa = XCConfigurationList;
			buildConfigurations = (
				26F7B8291E31AA7C00623D96 /* Debug */,
				26F7B82A1E31AA7C00623D96 /* Release */,
			);
			defaultConfigurationIsVisible = 0;
		};
/* End XCConfigurationList section */
	};
	rootObject = 26F7B8171E31AA7C00623D96 /* Project object */;
}
